hash: 175703a93f103926defe8e9d6720672adfbcc89aedb31db1e2dc2e0916508bac
updated: 2016-12-14T11:44:52.537231143Z
imports:
- name: github.com/aws/aws-sdk-go
  version: b4c487bc7488f35e8deb5c5339804595369c8d02
  subpackages:
  - service/route53
- name: github.com/hashicorp/logutils
  version: 0dc08b1671f34c4250ce212759ebd880f743d883
- name: github.com/jawher/mow.cli
  version: 0de3d3b4ed00f261460d12ecde4efa90fbfcd8ed
- name: github.com/miekg/dns
  version: 4744e915eb51a9defb5fb13c24ce2c8408d2fd98
testImports: []
